
Microsoft Visual Studio Solution File, Format Version 12.00
# Visual Studio 15
VisualStudioVersion = 15.0.27428.2043
MinimumVisualStudioVersion = 10.0.40219.1
Project("{FAE04EC0-301F-11D3-BF4B-00C04F79EFBC}") = "SportsStore.Domain", "SportsStore.Domain\SportsStore.Domain.csproj", "{59252029-BF23-4697-A5E0-1CB5D2BA7F1C}"
EndProject
Project("{FAE04EC0-301F-11D3-BF4B-00C04F79EFBC}") = "SportsStore.WebUI", "SportsStore.WebUI\SportsStore.WebUI.csproj", "{37FB1D62-F598-4AF7-AEEF-CBA49F0870CC}"
EndProject
Project("{FAE04EC0-301F-11D3-BF4B-00C04F79EFBC}") = "SportsStore.UnitTests", "SportsStore.UnitTests\SportsStore.UnitTests.csproj", "{17B8FD46-D944-42A3-ABE1-44BC2E4B0207}"
EndProject
Global
	GlobalSection(SolutionConfigurationPlatforms) = preSolution
		Debug|Any CPU = Debug|Any CPU
		Release|Any CPU = Release|Any CPU
	EndGlobalSection
	GlobalSection(ProjectConfigurationPlatforms) = postSolution
		{59252029-BF23-4697-A5E0-1CB5D2BA7F1C}.Debug|Any CPU.ActiveCfg = Debug|Any CPU
		{59252029-BF23-4697-A5E0-1CB5D2BA7F1C}.Debug|Any CPU.Build.0 = Debug|Any CPU
		{59252029-BF23-4697-A5E0-1CB5D2BA7F1C}.Release|Any CPU.ActiveCfg = Release|Any CPU
		{59252029-BF23-4697-A5E0-1CB5D2BA7F1C}.Release|Any CPU.Build.0 = Release|Any CPU
		{37FB1D62-F598-4AF7-AEEF-CBA49F0870CC}.Debug|Any CPU.ActiveCfg = Debug|Any CPU
		{37FB1D62-F598-4AF7-AEEF-CBA49F0870CC}.Debug|Any CPU.Build.0 = Debug|Any CPU
		{37FB1D62-F598-4AF7-AEEF-CBA49F0870CC}.Release|Any CPU.ActiveCfg = Release|Any CPU
		{37FB1D62-F598-4AF7-AEEF-CBA49F0870CC}.Release|Any CPU.Build.0 = Release|Any CPU
		{17B8FD46-D944-42A3-ABE1-44BC2E4B0207}.Debug|Any CPU.ActiveCfg = Debug|Any CPU
		{17B8FD46-D944-42A3-ABE1-44BC2E4B0207}.Debug|Any CPU.Build.0 = Debug|Any CPU
		{17B8FD46-D944-42A3-ABE1-44BC2E4B0207}.Release|Any CPU.ActiveCfg = Release|Any CPU
		{17B8FD46-D944-42A3-ABE1-44BC2E4B0207}.Release|Any CPU.Build.0 = Release|Any CPU
	EndGlobalSection
	GlobalSection(SolutionProperties) = preSolution
		HideSolutionNode = FALSE
	EndGlobalSection
	GlobalSection(ExtensibilityGlobals) = postSolution
		SolutionGuid = {BA53BD6A-C87F-4C61-8387-A6875213B187}
	EndGlobalSection
EndGlobal
